// !$*UTF8*$!
{
	archiveVersion = 1;
	classes = {
	};
	objectVersion = 56;
	objects = {

/* Begin PBXBuildFile section */
		831103F72C6E36F800143A54 /* DataCachingDataModel.xcdatamodeld in Sources */ = {isa = PBXBuildFile; fileRef = 831103F52C6E36F800143A54 /* DataCachingDataModel.xcdatamodeld */; };
		831103F92C6E37D300143A54 /* CoreDataHandler.swift in Sources */ = {isa = PBXBuildFile; fileRef = 831103F82C6E37D300143A54 /* CoreDataHandler.swift */; };
		835E94672C6E511D00B32E2A /* PhotoServiceRepository.swift in Sources */ = {isa = PBXBuildFile; fileRef = 835E94662C6E511D00B32E2A /* PhotoServiceRepository.swift */; };
		835E94692C6F9BF500B32E2A /* NetworkMonitor.swift in Sources */ = {isa = PBXBuildFile; fileRef = 835E94682C6F9BF500B32E2A /* NetworkMonitor.swift */; };
		835E946B2C6FA0B400B32E2A /* Enums.swift in Sources */ = {isa = PBXBuildFile; fileRef = 835E946A2C6FA0B400B32E2A /* Enums.swift */; };
		83AF338D2C68F31D00E0B2F6 /* DataCachingApp.swift in Sources */ = {isa = PBXBuildFile; fileRef = 83AF338C2C68F31D00E0B2F6 /* DataCachingApp.swift */; };
		83AF338F2C68F31D00E0B2F6 /* ContentView.swift in Sources */ = {isa = PBXBuildFile; fileRef = 83AF338E2C68F31D00E0B2F6 /* ContentView.swift */; };
		83AF33912C68F31F00E0B2F6 /* Assets.xcassets in Resources */ = {isa = PBXBuildFile; fileRef = 83AF33902C68F31F00E0B2F6 /* Assets.xcassets */; };
		83AF33942C68F31F00E0B2F6 /* Preview Assets.xcassets in Resources */ = {isa = PBXBuildFile; fileRef = 83AF33932C68F31F00E0B2F6 /* Preview Assets.xcassets */; };
		83AF33A02C68F36500E0B2F6 /* PhotoModel.swift in Sources */ = {isa = PBXBuildFile; fileRef = 83AF339F2C68F36500E0B2F6 /* PhotoModel.swift */; };
		83AF33A22C68F43000E0B2F6 /* PhotoListItemView.swift in Sources */ = {isa = PBXBuildFile; fileRef = 83AF33A12C68F43000E0B2F6 /* PhotoListItemView.swift */; };
		83AF33A42C68F4EE00E0B2F6 /* PhotoService.swift in Sources */ = {isa = PBXBuildFile; fileRef = 83AF33A32C68F4EE00E0B2F6 /* PhotoService.swift */; };
		83AF33A62C68F6F100E0B2F6 /* PhotoListView.swift in Sources */ = {isa = PBXBuildFile; fileRef = 83AF33A52C68F6F100E0B2F6 /* PhotoListView.swift */; };
		83AF33A82C68F70300E0B2F6 /* PhotoListViewModel.swift in Sources */ = {isa = PBXBuildFile; fileRef = 83AF33A72C68F70300E0B2F6 /* PhotoListViewModel.swift */; };
		83AF33AA2C68F87300E0B2F6 /* ImageDownloadService.swift in Sources */ = {isa = PBXBuildFile; fileRef = 83AF33A92C68F87300E0B2F6 /* ImageDownloadService.swift */; };
		83AF33AC2C68FA4F00E0B2F6 /* ImageView.swift in Sources */ = {isa = PBXBuildFile; fileRef = 83AF33AB2C68FA4F00E0B2F6 /* ImageView.swift */; };
		83AF33AE2C68FA6100E0B2F6 /* ImageViewModel.swift in Sources */ = {isa = PBXBuildFile; fileRef = 83AF33AD2C68FA6100E0B2F6 /* ImageViewModel.swift */; };
/* End PBXBuildFile section */

/* Begin PBXFileReference section */
		831103F62C6E36F800143A54 /* DataCachingDataModel.xcdatamodel */ = {isa = PBXFileReference; lastKnownFileType = wrapper.xcdatamodel; path = DataCachingDataModel.xcdatamodel; sourceTree = "<group>"; };
		831103F82C6E37D300143A54 /* CoreDataHandler.swift */ = {isa = PBXFileReference; lastKnownFileType = sourcecode.swift; path = CoreDataHandler.swift; sourceTree = "<group>"; };
		835E94662C6E511D00B32E2A /* PhotoServiceRepository.swift */ = {isa = PBXFileReference; lastKnownFileType = sourcecode.swift; path = PhotoServiceRepository.swift; sourceTree = "<group>"; };
		835E94682C6F9BF500B32E2A /* NetworkMonitor.swift */ = {isa = PBXFileReference; lastKnownFileType = sourcecode.swift; path = NetworkMonitor.swift; sourceTree = "<group>"; };
		835E946A2C6FA0B400B32E2A /* Enums.swift */ = {isa = PBXFileReference; lastKnownFileType = sourcecode.swift; path = Enums.swift; sourceTree = "<group>"; };
		83AF33892C68F31D00E0B2F6 /* DataCaching.app */ = {isa = PBXFileReference; explicitFileType = wrapper.application; includeInIndex = 0; path = DataCaching.app; sourceTree = BUILT_PRODUCTS_DIR; };
		83AF338C2C68F31D00E0B2F6 /* DataCachingApp.swift */ = {isa = PBXFileReference; lastKnownFileType = sourcecode.swift; path = DataCachingApp.swift; sourceTree = "<group>"; };
		83AF338E2C68F31D00E0B2F6 /* ContentView.swift */ = {isa = PBXFileReference; lastKnownFileType = sourcecode.swift; path = ContentView.swift; sourceTree = "<group>"; };
		83AF33902C68F31F00E0B2F6 /* Assets.xcassets */ = {isa = PBXFileReference; lastKnownFileType = folder.assetcatalog; path = Assets.xcassets; sourceTree = "<group>"; };
		83AF33932C68F31F00E0B2F6 /* Preview Assets.xcassets */ = {isa = PBXFileReference; lastKnownFileType = folder.assetcatalog; path = "Preview Assets.xcassets"; sourceTree = "<group>"; };
		83AF339F2C68F36500E0B2F6 /* PhotoModel.swift */ = {isa = PBXFileReference; lastKnownFileType = sourcecode.swift; path = PhotoModel.swift; sourceTree = "<group>"; };
		83AF33A12C68F43000E0B2F6 /* PhotoListItemView.swift */ = {isa = PBXFileReference; lastKnownFileType = sourcecode.swift; path = PhotoListItemView.swift; sourceTree = "<group>"; };
		83AF33A32C68F4EE00E0B2F6 /* PhotoService.swift */ = {isa = PBXFileReference; lastKnownFileType = sourcecode.swift; path = PhotoService.swift; sourceTree = "<group>"; };
		83AF33A52C68F6F100E0B2F6 /* PhotoListView.swift */ = {isa = PBXFileReference; lastKnownFileType = sourcecode.swift; path = PhotoListView.swift; sourceTree = "<group>"; };
		83AF33A72C68F70300E0B2F6 /* PhotoListViewModel.swift */ = {isa = PBXFileReference; lastKnownFileType = sourcecode.swift; path = PhotoListViewModel.swift; sourceTree = "<group>"; };
		83AF33A92C68F87300E0B2F6 /* ImageDownloadService.swift */ = {isa = PBXFileReference; lastKnownFileType = sourcecode.swift; path = ImageDownloadService.swift; sourceTree = "<group>"; };
		83AF33AB2C68FA4F00E0B2F6 /* ImageView.swift */ = {isa = PBXFileReference; lastKnownFileType = sourcecode.swift; path = ImageView.swift; sourceTree = "<group>"; };
		83AF33AD2C68FA6100E0B2F6 /* ImageViewModel.swift */ = {isa = PBXFileReference; lastKnownFileType = sourcecode.swift; path = ImageViewModel.swift; sourceTree = "<group>"; };
/* End PBXFileReference section */

/* Begin PBXFrameworksBuildPhase section */
		83AF33862C68F31D00E0B2F6 /* Frameworks */ = {
			isa = PBXFrameworksBuildPhase;
			buildActionMask = 2147483647;
			files = (
			);
			runOnlyForDeploymentPostprocessing = 0;
		};
/* End PBXFrameworksBuildPhase section */

/* Begin PBXGroup section */
		83AF33802C68F31D00E0B2F6 = {
			isa = PBXGroup;
			children = (
				83AF338B2C68F31D00E0B2F6 /* DataCaching */,
				83AF338A2C68F31D00E0B2F6 /* Products */,
			);
			sourceTree = "<group>";
		};
		83AF338A2C68F31D00E0B2F6 /* Products */ = {
			isa = PBXGroup;
			children = (
				83AF33892C68F31D00E0B2F6 /* DataCaching.app */,
			);
			name = Products;
			sourceTree = "<group>";
		};
		83AF338B2C68F31D00E0B2F6 /* DataCaching */ = {
			isa = PBXGroup;
			children = (
				83AF339E2C68F34300E0B2F6 /* Utilities */,
				83AF339D2C68F33B00E0B2F6 /* ViewModel */,
				83AF339C2C68F33400E0B2F6 /* View */,
				83AF339A2C68F32400E0B2F6 /* Model */,
				83AF338C2C68F31D00E0B2F6 /* DataCachingApp.swift */,
				83AF33902C68F31F00E0B2F6 /* Assets.xcassets */,
				83AF33922C68F31F00E0B2F6 /* Preview Content */,
				831103F52C6E36F800143A54 /* DataCachingDataModel.xcdatamodeld */,
			);
			path = DataCaching;
			sourceTree = "<group>";
		};
		83AF33922C68F31F00E0B2F6 /* Preview Content */ = {
			isa = PBXGroup;
			children = (
				83AF33932C68F31F00E0B2F6 /* Preview Assets.xcassets */,
			);
			path = "Preview Content";
			sourceTree = "<group>";
		};
		83AF339A2C68F32400E0B2F6 /* Model */ = {
			isa = PBXGroup;
			children = (
				83AF339F2C68F36500E0B2F6 /* PhotoModel.swift */,
			);
			path = Model;
			sourceTree = "<group>";
		};
		83AF339C2C68F33400E0B2F6 /* View */ = {
			isa = PBXGroup;
			children = (
				83AF338E2C68F31D00E0B2F6 /* ContentView.swift */,
				83AF33A12C68F43000E0B2F6 /* PhotoListItemView.swift */,
				83AF33A52C68F6F100E0B2F6 /* PhotoListView.swift */,
				83AF33AB2C68FA4F00E0B2F6 /* ImageView.swift */,
			);
			path = View;
			sourceTree = "<group>";
		};
		83AF339D2C68F33B00E0B2F6 /* ViewModel */ = {
			isa = PBXGroup;
			children = (
				83AF33A72C68F70300E0B2F6 /* PhotoListViewModel.swift */,
				83AF33AD2C68FA6100E0B2F6 /* ImageViewModel.swift */,
			);
			path = ViewModel;
			sourceTree = "<group>";
		};
		83AF339E2C68F34300E0B2F6 /* Utilities */ = {
			isa = PBXGroup;
			children = (
				83AF33A32C68F4EE00E0B2F6 /* PhotoService.swift */,
				83AF33A92C68F87300E0B2F6 /* ImageDownloadService.swift */,
				831103F82C6E37D300143A54 /* CoreDataHandler.swift */,
				835E94662C6E511D00B32E2A /* PhotoServiceRepository.swift */,
				835E94682C6F9BF500B32E2A /* NetworkMonitor.swift */,
				835E946A2C6FA0B400B32E2A /* Enums.swift */,
			);
			path = Utilities;
			sourceTree = "<group>";
		};
/* End PBXGroup section */

/* Begin PBXNativeTarget section */
		83AF33882C68F31D00E0B2F6 /* DataCaching */ = {
			isa = PBXNativeTarget;
			buildConfigurationList = 83AF33972C68F31F00E0B2F6 /* Build configuration list for PBXNativeTarget "DataCaching" */;
			buildPhases = (
				83AF33852C68F31D00E0B2F6 /* Sources */,
				83AF33862C68F31D00E0B2F6 /* Frameworks */,
				83AF33872C68F31D00E0B2F6 /* Resources */,
			);
			buildRules = (
			);
			dependencies = (
			);
			name = DataCaching;
			productName = DataCaching;
			productReference = 83AF33892C68F31D00E0B2F6 /* DataCaching.app */;
			productType = "com.apple.product-type.application";
		};
/* End PBXNativeTarget section */

/* Begin PBXProject section */
		83AF33812C68F31D00E0B2F6 /* Project object */ = {
			isa = PBXProject;
			attributes = {
				BuildIndependentTargetsInParallel = 1;
				LastSwiftUpdateCheck = 1540;
				LastUpgradeCheck = 1540;
				TargetAttributes = {
					83AF33882C68F31D00E0B2F6 = {
						CreatedOnToolsVersion = 15.4;
					};
				};
			};
			buildConfigurationList = 83AF33842C68F31D00E0B2F6 /* Build configuration list for PBXProject "DataCaching" */;
			compatibilityVersion = "Xcode 14.0";
			developmentRegion = en;
			hasScannedForEncodings = 0;
			knownRegions = (
				en,
				Base,
			);
			mainGroup = 83AF33802C68F31D00E0B2F6;
			productRefGroup = 83AF338A2C68F31D00E0B2F6 /* Products */;
			projectDirPath = "";
			projectRoot = "";
			targets = (
				83AF33882C68F31D00E0B2F6 /* DataCaching */,
			);
		};
/* End PBXProject section */

/* Begin PBXResourcesBuildPhase section */
		83AF33872C68F31D00E0B2F6 /* Resources */ = {
			isa = PBXResourcesBuildPhase;
			buildActionMask = 2147483647;
			files = (
				83AF33942C68F31F00E0B2F6 /* Preview Assets.xcassets in Resources */,
				83AF33912C68F31F00E0B2F6 /* Assets.xcassets in Resources */,
			);
			runOnlyForDeploymentPostprocessing = 0;
		};
/* End PBXResourcesBuildPhase section */

/* Begin PBXSourcesBuildPhase section */
		83AF33852C68F31D00E0B2F6 /* Sources */ = {
			isa = PBXSourcesBuildPhase;
			buildActionMask = 2147483647;
			files = (
				835E94672C6E511D00B32E2A /* PhotoServiceRepository.swift in Sources */,
				83AF33A42C68F4EE00E0B2F6 /* PhotoService.swift in Sources */,
				831103F92C6E37D300143A54 /* CoreDataHandler.swift in Sources */,
				83AF33AA2C68F87300E0B2F6 /* ImageDownloadService.swift in Sources */,
				83AF33A02C68F36500E0B2F6 /* PhotoModel.swift in Sources */,
				831103F72C6E36F800143A54 /* DataCachingDataModel.xcdatamodeld in Sources */,
				83AF338F2C68F31D00E0B2F6 /* ContentView.swift in Sources */,
				835E946B2C6FA0B400B32E2A /* Enums.swift in Sources */,
				83AF33A22C68F43000E0B2F6 /* PhotoListItemView.swift in Sources */,
				83AF338D2C68F31D00E0B2F6 /* DataCachingApp.swift in Sources */,
				83AF33AE2C68FA6100E0B2F6 /* ImageViewModel.swift in Sources */,
				83AF33AC2C68FA4F00E0B2F6 /* ImageView.swift in Sources */,
				83AF33A62C68F6F100E0B2F6 /* PhotoListView.swift in Sources */,
				83AF33A82C68F70300E0B2F6 /* PhotoListViewModel.swift in Sources */,
				835E94692C6F9BF500B32E2A /* NetworkMonitor.swift in Sources */,
			);
			runOnlyForDeploymentPostprocessing = 0;
		};
/* End PBXSourcesBuildPhase section */

/* Begin XCBuildConfiguration section */
		83AF33952C68F31F00E0B2F6 /* Debug */ = {
			isa = XCBuildConfiguration;
			buildSettings = {
				ALWAYS_SEARCH_USER_PATHS = NO;
				ASSETCATALOG_COMPILER_GENERATE_SWIFT_ASSET_SYMBOL_EXTENSIONS = YES;
				CLANG_ANALYZER_NONNULL = YES;
				CLANG_ANALYZER_NUMBER_OBJECT_CONVERSION = YES_AGGRESSIVE;
				CLANG_CXX_LANGUAGE_STANDARD = "gnu++20";
				CLANG_ENABLE_MODULES = YES;
				CLANG_ENABLE_OBJC_ARC = YES;
				CLANG_ENABLE_OBJC_WEAK = YES;
				CLANG_WARN_BLOCK_CAPTURE_AUTORELEASING = YES;
				CLANG_WARN_BOOL_CONVERSION = YES;
				CLANG_WARN_COMMA = YES;
				CLANG_WARN_CONSTANT_CONVERSION = YES;
				CLANG_WARN_DEPRECATED_OBJC_IMPLEMENTATIONS = YES;
				CLANG_WARN_DIRECT_OBJC_ISA_USAGE = YES_ERROR;
				CLANG_WARN_DOCUMENTATION_COMMENTS = YES;
				CLANG_WARN_EMPTY_BODY = YES;
				CLANG_WARN_ENUM_CONVERSION = YES;
				CLANG_WARN_INFINITE_RECURSION = YES;
				CLANG_WARN_INT_CONVERSION = YES;
				CLANG_WARN_NON_LITERAL_NULL_CONVERSION = YES;
				CLANG_WARN_OBJC_IMPLICIT_RETAIN_SELF = YES;
				CLANG_WARN_OBJC_LITERAL_CONVERSION = YES;
				CLANG_WARN_OBJC_ROOT_CLASS = YES_ERROR;
				CLANG_WARN_QUOTED_INCLUDE_IN_FRAMEWORK_HEADER = YES;
				CLANG_WARN_RANGE_LOOP_ANALYSIS = YES;
				CLANG_WARN_STRICT_PROTOTYPES = YES;
				CLANG_WARN_SUSPICIOUS_MOVE = YES;
				CLANG_WARN_UNGUARDED_AVAILABILITY = YES_AGGRESSIVE;
				CLANG_WARN_UNREACHABLE_CODE = YES;
				CLANG_WARN__DUPLICATE_METHOD_MATCH = YES;
				COPY_PHASE_STRIP = NO;
				DEBUG_INFORMATION_FORMAT = dwarf;
				ENABLE_STRICT_OBJC_MSGSEND = YES;
				ENABLE_TESTABILITY = YES;
				ENABLE_USER_SCRIPT_SANDBOXING = YES;
				GCC_C_LANGUAGE_STANDARD = gnu17;
				GCC_DYNAMIC_NO_PIC = NO;
				GCC_NO_COMMON_BLOCKS = YES;
				GCC_OPTIMIZATION_LEVEL = 0;
				GCC_PREPROCESSOR_DEFINITIONS = (
					"DEBUG=1",
					"$(inherited)",
				);
				GCC_WARN_64_TO_32_BIT_CONVERSION = YES;
				GCC_WARN_ABOUT_RETURN_TYPE = YES_ERROR;
				GCC_WARN_UNDECLARED_SELECTOR = YES;
				GCC_WARN_UNINITIALIZED_AUTOS = YES_AGGRESSIVE;
				GCC_WARN_UNUSED_FUNCTION = YES;
				GCC_WARN_UNUSED_VARIABLE = YES;
				IPHONEOS_DEPLOYMENT_TARGET = 17.5;
				LOCALIZATION_PREFERS_STRING_CATALOGS = YES;
				MTL_ENABLE_DEBUG_INFO = INCLUDE_SOURCE;
				MTL_FAST_MATH = YES;
				ONLY_ACTIVE_ARCH = YES;
				SDKROOT = iphoneos;
				SWIFT_ACTIVE_COMPILATION_CONDITIONS = "DEBUG $(inherited)";
				SWIFT_OPTIMIZATION_LEVEL = "-Onone";
			};
			name = Debug;
		};
		83AF33962C68F31F00E0B2F6 /* Release */ = {
			isa = XCBuildConfiguration;
			buildSettings = {
				ALWAYS_SEARCH_USER_PATHS = NO;
				ASSETCATALOG_COMPILER_GENERATE_SWIFT_ASSET_SYMBOL_EXTENSIONS = YES;
				CLANG_ANALYZER_NONNULL = YES;
				CLANG_ANALYZER_NUMBER_OBJECT_CONVERSION = YES_AGGRESSIVE;
				CLANG_CXX_LANGUAGE_STANDARD = "gnu++20";
				CLANG_ENABLE_MODULES = YES;
				CLANG_ENABLE_OBJC_ARC = YES;
				CLANG_ENABLE_OBJC_WEAK = YES;
				CLANG_WARN_BLOCK_CAPTURE_AUTORELEASING = YES;
				CLANG_WARN_BOOL_CONVERSION = YES;
				CLANG_WARN_COMMA = YES;
				CLANG_WARN_CONSTANT_CONVERSION = YES;
				CLANG_WARN_DEPRECATED_OBJC_IMPLEMENTATIONS = YES;
				CLANG_WARN_DIRECT_OBJC_ISA_USAGE = YES_ERROR;
				CLANG_WARN_DOCUMENTATION_COMMENTS = YES;
				CLANG_WARN_EMPTY_BODY = YES;
				CLANG_WARN_ENUM_CONVERSION = YES;
				CLANG_WARN_INFINITE_RECURSION = YES;
				CLANG_WARN_INT_CONVERSION = YES;
				CLANG_WARN_NON_LITERAL_NULL_CONVERSION = YES;
				CLANG_WARN_OBJC_IMPLICIT_RETAIN_SELF = YES;
				CLANG_WARN_OBJC_LITERAL_CONVERSION = YES;
				CLANG_WARN_OBJC_ROOT_CLASS = YES_ERROR;
				CLANG_WARN_QUOTED_INCLUDE_IN_FRAMEWORK_HEADER = YES;
				CLANG_WARN_RANGE_LOOP_ANALYSIS = YES;
				CLANG_WARN_STRICT_PROTOTYPES = YES;
				CLANG_WARN_SUSPICIOUS_MOVE = YES;
				CLANG_WARN_UNGUARDED_AVAILABILITY = YES_AGGRESSIVE;
				CLANG_WARN_UNREACHABLE_CODE = YES;
				CLANG_WARN__DUPLICATE_METHOD_MATCH = YES;
				COPY_PHASE_STRIP = NO;
				DEBUG_INFORMATION_FORMAT = "dwarf-with-dsym";
				ENABLE_NS_ASSERTIONS = NO;
				ENABLE_STRICT_OBJC_MSGSEND = YES;
				ENABLE_USER_SCRIPT_SANDBOXING = YES;
				GCC_C_LANGUAGE_STANDARD = gnu17;
				GCC_NO_COMMON_BLOCKS = YES;
				GCC_WARN_64_TO_32_BIT_CONVERSION = YES;
				GCC_WARN_ABOUT_RETURN_TYPE = YES_ERROR;
				GCC_WARN_UNDECLARED_SELECTOR = YES;
				GCC_WARN_UNINITIALIZED_AUTOS = YES_AGGRESSIVE;
				GCC_WARN_UNUSED_FUNCTION = YES;
				GCC_WARN_UNUSED_VARIABLE = YES;
				IPHONEOS_DEPLOYMENT_TARGET = 17.5;
				LOCALIZATION_PREFERS_STRING_CATALOGS = YES;
				MTL_ENABLE_DEBUG_INFO = NO;
				MTL_FAST_MATH = YES;
				SDKROOT = iphoneos;
				SWIFT_COMPILATION_MODE = wholemodule;
				VALIDATE_PRODUCT = YES;
			};
			name = Release;
		};
		83AF33982C68F31F00E0B2F6 /* Debug */ = {
			isa = XCBuildConfiguration;
			buildSettings = {
				ASSETCATALOG_COMPILER_APPICON_NAME = AppIcon;
				ASSETCATALOG_COMPILER_GLOBAL_ACCENT_COLOR_NAME = AccentColor;
				CODE_SIGN_STYLE = Automatic;
				CURRENT_PROJECT_VERSION = 1;
				DEVELOPMENT_ASSET_PATHS = "\"DataCaching/Preview Content\"";
				DEVELOPMENT_TEAM = 53U5W2PJ2Z;
				ENABLE_PREVIEWS = YES;
				GENERATE_INFOPLIST_FILE = YES;
				INFOPLIST_KEY_UIApplicationSceneManifest_Generation = YES;
				INFOPLIST_KEY_UIApplicationSupportsIndirectInputEvents = YES;
				INFOPLIST_KEY_UILaunchScreen_Generation = YES;
				INFOPLIST_KEY_UISupportedInterfaceOrientations_iPad = "UIInterfaceOrientationPortrait UIInterfaceOrientationPortraitUpsideDown UIInterfaceOrientationLandscapeLeft UIInterfaceOrientationLandscapeRight";
				INFOPLIST_KEY_UISupportedInterfaceOrientations_iPhone = "UIInterfaceOrientationPortrait UIInterfaceOrientationLandscapeLeft UIInterfaceOrientationLandscapeRight";
				LD_RUNPATH_SEARCH_PATHS = (
					"$(inherited)",
					"@executable_path/Frameworks",
				);
				MARKETING_VERSION = 1.0;
				PRODUCT_BUNDLE_IDENTIFIER = com.ratRaceParticipant.DataCaching;
				PRODUCT_NAME = "$(TARGET_NAME)";
				SWIFT_EMIT_LOC_STRINGS = YES;
				SWIFT_VERSION = 5.0;
				TARGETED_DEVICE_FAMILY = "1,2";
			};
			name = Debug;
		};
		83AF33992C68F31F00E0B2F6 /* Release */ = {
			isa = XCBuildConfiguration;
			buildSettings = {
				ASSETCATALOG_COMPILER_APPICON_NAME = AppIcon;
				ASSETCATALOG_COMPILER_GLOBAL_ACCENT_COLOR_NAME = AccentColor;
				CODE_SIGN_STYLE = Automatic;
				CURRENT_PROJECT_VERSION = 1;
				DEVELOPMENT_ASSET_PATHS = "\"DataCaching/Preview Content\"";
				DEVELOPMENT_TEAM = 53U5W2PJ2Z;
				ENABLE_PREVIEWS = YES;
				GENERATE_INFOPLIST_FILE = YES;
				INFOPLIST_KEY_UIApplicationSceneManifest_Generation = YES;
				INFOPLIST_KEY_UIApplicationSupportsIndirectInputEvents = YES;
				INFOPLIST_KEY_UILaunchScreen_Generation = YES;
				INFOPLIST_KEY_UISupportedInterfaceOrientations_iPad = "UIInterfaceOrientationPortrait UIInterfaceOrientationPortraitUpsideDown UIInterfaceOrientationLandscapeLeft UIInterfaceOrientationLandscapeRight";
				INFOPLIST_KEY_UISupportedInterfaceOrientations_iPhone = "UIInterfaceOrientationPortrait UIInterfaceOrientationLandscapeLeft UIInterfaceOrientationLandscapeRight";
				LD_RUNPATH_SEARCH_PATHS = (
					"$(inherited)",
					"@executable_path/Frameworks",
				);
				MARKETING_VERSION = 1.0;
				PRODUCT_BUNDLE_IDENTIFIER = com.ratRaceParticipant.DataCaching;
				PRODUCT_NAME = "$(TARGET_NAME)";
				SWIFT_EMIT_LOC_STRINGS = YES;
				SWIFT_VERSION = 5.0;
				TARGETED_DEVICE_FAMILY = "1,2";
			};
			name = Release;
		};
/* End XCBuildConfiguration section */

/* Begin XCConfigurationList section */
		83AF33842C68F31D00E0B2F6 /* Build configuration list for PBXProject "DataCaching" */ = {
			isa = XCConfigurationList;
			buildConfigurations = (
				83AF33952C68F31F00E0B2F6 /* Debug */,
				83AF33962C68F31F00E0B2F6 /* Release */,
			);
			defaultConfigurationIsVisible = 0;
			defaultConfigurationName = Release;
		};
		83AF33972C68F31F00E0B2F6 /* Build configuration list for PBXNativeTarget "DataCaching" */ = {
			isa = XCConfigurationList;
			buildConfigurations = (
				83AF33982C68F31F00E0B2F6 /* Debug */,
				83AF33992C68F31F00E0B2F6 /* Release */,
			);
			defaultConfigurationIsVisible = 0;
			defaultConfigurationName = Release;
		};
/* End XCConfigurationList section */

/* Begin XCVersionGroup section */
		831103F52C6E36F800143A54 /* DataCachingDataModel.xcdatamodeld */ = {
			isa = XCVersionGroup;
			children = (
				831103F62C6E36F800143A54 /* DataCachingDataModel.xcdatamodel */,
			);
			currentVersion = 831103F62C6E36F800143A54 /* DataCachingDataModel.xcdatamodel */;
			name = DataCachingDataModel.xcdatamodeld;
			path = /Users/himanshukaramchandani/Projects/DataCaching/DataCaching/DataCachingDataModel.xcdatamodeld;
			sourceTree = "<group>";
			versionGroupType = wrapper.xcdatamodel;
		};
/* End XCVersionGroup section */
	};
	rootObject = 83AF33812C68F31D00E0B2F6 /* Project object */;
}
